{
  "name": "@albanianxrm/jsdoc",
  "version": "1.0.0",
  "lockfileVersion": 2,
  "requires": true,
  "packages": {
    "": {
      "name": "@albanianxrm/jsdoc",
      "version": "1.0.0",
      "license": "MIT",
      "devDependencies": {
        "@types/xrm": "^9.0.63"
      }
    },
    "node_modules/@types/xrm": {
      "version": "9.0.63",
      "resolved": "https://registry.npmjs.org/@types/xrm/-/xrm-9.0.63.tgz",
      "integrity": "sha512-+sAsp+4zr3ZmVZU1XFE4984T5R88xor8j9hGF4VMUvILIK92bgNYE1lb8HCwK86oxnG/L2AbwkeJNlqFBVNGpw==",
      "dev": true
    }
  },
  "dependencies": {
    "@types/xrm": {
      "version": "9.0.63",
      "resolved": "https://registry.npmjs.org/@types/xrm/-/xrm-9.0.63.tgz",
      "integrity": "sha512-+sAsp+4zr3ZmVZU1XFE4984T5R88xor8j9hGF4VMUvILIK92bgNYE1lb8HCwK86oxnG/L2AbwkeJNlqFBVNGpw==",
      "dev": true
    }
  }
}
